
Microsoft Visual Studio Solution File, Format Version 12.00
Project("{2150E333-8FDC-42A3-9474-1A3956D46DE8}") = "Solution Items", "Solution Items", "{EBA3685C-0B47-4C61-ADC9-EBD2BEA71821}"
	ProjectSection(SolutionItems) = preProject
		global.json = global.json
		README.md = README.md
		src\docker-compose.override.yml = src\docker-compose.override.yml
		src\docker-compose.yml = src\docker-compose.yml
		.dockerignore = .dockerignore
	EndProjectSection
EndProject
Project("{2150E333-8FDC-42A3-9474-1A3956D46DE8}") = "src", "src", "{3CDA0027-9093-462E-AA0D-ACDE539BFD77}"
EndProject
Project("{2150E333-8FDC-42A3-9474-1A3956D46DE8}") = "tests", "tests", "{5A23348E-DF45-4847-974A-2804CC7470C5}"
EndProject
Project("{2150E333-8FDC-42A3-9474-1A3956D46DE8}") = "BuildingBlocks", "BuildingBlocks", "{B54C651C-6E29-4950-A2F1-17F80AFC1627}"
EndProject
Project("{2150E333-8FDC-42A3-9474-1A3956D46DE8}") = "Libraries", "Libraries", "{6C28F2C8-8429-4300-846C-E8CA52E02394}"
EndProject
Project("{FAE04EC0-301F-11D3-BF4B-00C04F79EFBC}") = "LW.API", "src\LW.API\LW.API.csproj", "{ED1EA8E5-90C7-4D21-8561-8D1581DE9C30}"
EndProject
Project("{FAE04EC0-301F-11D3-BF4B-00C04F79EFBC}") = "LW.Logging", "src\BuildingBlocks\LW.Logging\LW.Logging.csproj", "{1221E6F2-09D3-4A0C-8D84-6D93AD1C6946}"
EndProject
Project("{FAE04EC0-301F-11D3-BF4B-00C04F79EFBC}") = "LW.Shared", "src\BuildingBlocks\LW.Shared\LW.Shared.csproj", "{59AD1DEA-0208-492E-A48A-6C14DAAB5BC7}"
EndProject
Project("{FAE04EC0-301F-11D3-BF4B-00C04F79EFBC}") = "LW.UnitTests", "tests\LW.UnitTests\LW.UnitTests.csproj", "{D11B5E52-9C28-444F-85DD-7913FC52433F}"
EndProject
Project("{FAE04EC0-301F-11D3-BF4B-00C04F79EFBC}") = "LW.Contracts", "src\BuildingBlocks\LW.Contracts\LW.Contracts.csproj", "{FAF21BBA-17DD-466B-BB93-2363C58ED3A6}"
EndProject
Project("{FAE04EC0-301F-11D3-BF4B-00C04F79EFBC}") = "LW.Infrastructure", "src\BuildingBlocks\LW.Infrastructure\LW.Infrastructure.csproj", "{285EF12B-5E0C-4E47-B67B-91613E71BFA8}"
EndProject
Project("{FAE04EC0-301F-11D3-BF4B-00C04F79EFBC}") = "LW.Data", "src\Libraries\LW.Data\LW.Data.csproj", "{6475D2FD-7DFA-4979-B981-A31018043626}"
EndProject
Project("{FAE04EC0-301F-11D3-BF4B-00C04F79EFBC}") = "LW.Services", "src\Libraries\LW.Services\LW.Services.csproj", "{5B595091-0006-4547-AF1F-427714344D4C}"
EndProject
Project("{FAE04EC0-301F-11D3-BF4B-00C04F79EFBC}") = "LW.Cache", "src\Libraries\LW.Cache\LW.Cache.csproj", "{EE5708F0-7F97-4F50-BA1D-C4C60D89032C}"
EndProject
Global
	GlobalSection(SolutionConfigurationPlatforms) = preSolution
		Debug|Any CPU = Debug|Any CPU
		Release|Any CPU = Release|Any CPU
	EndGlobalSection
	GlobalSection(NestedProjects) = preSolution
		{B54C651C-6E29-4950-A2F1-17F80AFC1627} = {3CDA0027-9093-462E-AA0D-ACDE539BFD77}
		{6C28F2C8-8429-4300-846C-E8CA52E02394} = {3CDA0027-9093-462E-AA0D-ACDE539BFD77}
		{ED1EA8E5-90C7-4D21-8561-8D1581DE9C30} = {3CDA0027-9093-462E-AA0D-ACDE539BFD77}
		{1221E6F2-09D3-4A0C-8D84-6D93AD1C6946} = {B54C651C-6E29-4950-A2F1-17F80AFC1627}
		{59AD1DEA-0208-492E-A48A-6C14DAAB5BC7} = {B54C651C-6E29-4950-A2F1-17F80AFC1627}
		{D11B5E52-9C28-444F-85DD-7913FC52433F} = {5A23348E-DF45-4847-974A-2804CC7470C5}
		{FAF21BBA-17DD-466B-BB93-2363C58ED3A6} = {B54C651C-6E29-4950-A2F1-17F80AFC1627}
		{285EF12B-5E0C-4E47-B67B-91613E71BFA8} = {B54C651C-6E29-4950-A2F1-17F80AFC1627}
		{6475D2FD-7DFA-4979-B981-A31018043626} = {6C28F2C8-8429-4300-846C-E8CA52E02394}
		{5B595091-0006-4547-AF1F-427714344D4C} = {6C28F2C8-8429-4300-846C-E8CA52E02394}
		{EE5708F0-7F97-4F50-BA1D-C4C60D89032C} = {6C28F2C8-8429-4300-846C-E8CA52E02394}
	EndGlobalSection
	GlobalSection(ProjectConfigurationPlatforms) = postSolution
		{ED1EA8E5-90C7-4D21-8561-8D1581DE9C30}.Debug|Any CPU.ActiveCfg = Debug|Any CPU
		{ED1EA8E5-90C7-4D21-8561-8D1581DE9C30}.Debug|Any CPU.Build.0 = Debug|Any CPU
		{ED1EA8E5-90C7-4D21-8561-8D1581DE9C30}.Release|Any CPU.ActiveCfg = Release|Any CPU
		{ED1EA8E5-90C7-4D21-8561-8D1581DE9C30}.Release|Any CPU.Build.0 = Release|Any CPU
		{1221E6F2-09D3-4A0C-8D84-6D93AD1C6946}.Debug|Any CPU.ActiveCfg = Debug|Any CPU
		{1221E6F2-09D3-4A0C-8D84-6D93AD1C6946}.Debug|Any CPU.Build.0 = Debug|Any CPU
		{1221E6F2-09D3-4A0C-8D84-6D93AD1C6946}.Release|Any CPU.ActiveCfg = Release|Any CPU
		{1221E6F2-09D3-4A0C-8D84-6D93AD1C6946}.Release|Any CPU.Build.0 = Release|Any CPU
		{59AD1DEA-0208-492E-A48A-6C14DAAB5BC7}.Debug|Any CPU.ActiveCfg = Debug|Any CPU
		{59AD1DEA-0208-492E-A48A-6C14DAAB5BC7}.Debug|Any CPU.Build.0 = Debug|Any CPU
		{59AD1DEA-0208-492E-A48A-6C14DAAB5BC7}.Release|Any CPU.ActiveCfg = Release|Any CPU
		{59AD1DEA-0208-492E-A48A-6C14DAAB5BC7}.Release|Any CPU.Build.0 = Release|Any CPU
		{D11B5E52-9C28-444F-85DD-7913FC52433F}.Debug|Any CPU.ActiveCfg = Debug|Any CPU
		{D11B5E52-9C28-444F-85DD-7913FC52433F}.Debug|Any CPU.Build.0 = Debug|Any CPU
		{D11B5E52-9C28-444F-85DD-7913FC52433F}.Release|Any CPU.ActiveCfg = Release|Any CPU
		{D11B5E52-9C28-444F-85DD-7913FC52433F}.Release|Any CPU.Build.0 = Release|Any CPU
		{FAF21BBA-17DD-466B-BB93-2363C58ED3A6}.Debug|Any CPU.ActiveCfg = Debug|Any CPU
		{FAF21BBA-17DD-466B-BB93-2363C58ED3A6}.Debug|Any CPU.Build.0 = Debug|Any CPU
		{FAF21BBA-17DD-466B-BB93-2363C58ED3A6}.Release|Any CPU.ActiveCfg = Release|Any CPU
		{FAF21BBA-17DD-466B-BB93-2363C58ED3A6}.Release|Any CPU.Build.0 = Release|Any CPU
		{285EF12B-5E0C-4E47-B67B-91613E71BFA8}.Debug|Any CPU.ActiveCfg = Debug|Any CPU
		{285EF12B-5E0C-4E47-B67B-91613E71BFA8}.Debug|Any CPU.Build.0 = Debug|Any CPU
		{285EF12B-5E0C-4E47-B67B-91613E71BFA8}.Release|Any CPU.ActiveCfg = Release|Any CPU
		{285EF12B-5E0C-4E47-B67B-91613E71BFA8}.Release|Any CPU.Build.0 = Release|Any CPU
		{6475D2FD-7DFA-4979-B981-A31018043626}.Debug|Any CPU.ActiveCfg = Debug|Any CPU
		{6475D2FD-7DFA-4979-B981-A31018043626}.Debug|Any CPU.Build.0 = Debug|Any CPU
		{6475D2FD-7DFA-4979-B981-A31018043626}.Release|Any CPU.ActiveCfg = Release|Any CPU
		{6475D2FD-7DFA-4979-B981-A31018043626}.Release|Any CPU.Build.0 = Release|Any CPU
		{5B595091-0006-4547-AF1F-427714344D4C}.Debug|Any CPU.ActiveCfg = Debug|Any CPU
		{5B595091-0006-4547-AF1F-427714344D4C}.Debug|Any CPU.Build.0 = Debug|Any CPU
		{5B595091-0006-4547-AF1F-427714344D4C}.Release|Any CPU.ActiveCfg = Release|Any CPU
		{5B595091-0006-4547-AF1F-427714344D4C}.Release|Any CPU.Build.0 = Release|Any CPU
		{EE5708F0-7F97-4F50-BA1D-C4C60D89032C}.Debug|Any CPU.ActiveCfg = Debug|Any CPU
		{EE5708F0-7F97-4F50-BA1D-C4C60D89032C}.Debug|Any CPU.Build.0 = Debug|Any CPU
		{EE5708F0-7F97-4F50-BA1D-C4C60D89032C}.Release|Any CPU.ActiveCfg = Release|Any CPU
		{EE5708F0-7F97-4F50-BA1D-C4C60D89032C}.Release|Any CPU.Build.0 = Release|Any CPU
	EndGlobalSection
EndGlobal
