
Microsoft Visual Studio Solution File, Format Version 12.00
Project("{2150E333-8FDC-42A3-9474-1A3956D46DE8}") = "Solution Items", "Solution Items", "{EBA3685C-0B47-4C61-ADC9-EBD2BEA71821}"
	ProjectSection(SolutionItems) = preProject
		global.json = global.json
		README.md = README.md
		src\docker-compose.override.yml = src\docker-compose.override.yml
		src\docker-compose.yml = src\docker-compose.yml
		.dockerignore = .dockerignore
	EndProjectSection
EndProject
Project("{2150E333-8FDC-42A3-9474-1A3956D46DE8}") = "src", "src", "{3CDA0027-9093-462E-AA0D-ACDE539BFD77}"
EndProject
Project("{2150E333-8FDC-42A3-9474-1A3956D46DE8}") = "tests", "tests", "{5A23348E-DF45-4847-974A-2804CC7470C5}"
EndProject
Project("{2150E333-8FDC-42A3-9474-1A3956D46DE8}") = "BuildingBlocks", "BuildingBlocks", "{B54C651C-6E29-4950-A2F1-17F80AFC1627}"
EndProject
Project("{2150E333-8FDC-42A3-9474-1A3956D46DE8}") = "BackgroundServices", "BackgroundServices", "{EC74E491-430A-4A6A-BD88-64C510577E17}"
EndProject
Project("{2150E333-8FDC-42A3-9474-1A3956D46DE8}") = "Libraries", "Libraries", "{6C28F2C8-8429-4300-846C-E8CA52E02394}"
EndProject
Project("{FAE04EC0-301F-11D3-BF4B-00C04F79EFBC}") = "LW.API", "src\LW.API\LW.API.csproj", "{ED1EA8E5-90C7-4D21-8561-8D1581DE9C30}"
EndProject
Project("{FAE04EC0-301F-11D3-BF4B-00C04F79EFBC}") = "LW.Logging", "src\BuildingBlocks\LW.Logging\LW.Logging.csproj", "{1221E6F2-09D3-4A0C-8D84-6D93AD1C6946}"
EndProject
Project("{FAE04EC0-301F-11D3-BF4B-00C04F79EFBC}") = "LW.Shared", "src\BuildingBlocks\LW.Shared\LW.Shared.csproj", "{59AD1DEA-0208-492E-A48A-6C14DAAB5BC7}"
EndProject
Project("{FAE04EC0-301F-11D3-BF4B-00C04F79EFBC}") = "LW.Services", "src\Libraries\LW.Services\LW.Services.csproj", "{16C5EC5C-CB3E-4E97-9DD8-BCC300F7B4D3}"
EndProject
Project("{FAE04EC0-301F-11D3-BF4B-00C04F79EFBC}") = "LW.DataCollectionService", "src\BackgroundServices\LW.DataCollectionService\LW.DataCollectionService.csproj", "{9E37B017-AB0F-442B-8E43-873610204731}"
EndProject
Project("{FAE04EC0-301F-11D3-BF4B-00C04F79EFBC}") = "LW.Contracts", "src\Libraries\LW.Contracts\LW.Contracts.csproj", "{F004697A-94FE-4824-85DB-245D075ACE0F}"
EndProject
Global
	GlobalSection(SolutionConfigurationPlatforms) = preSolution
		Debug|Any CPU = Debug|Any CPU
		Release|Any CPU = Release|Any CPU
	EndGlobalSection
	GlobalSection(NestedProjects) = preSolution
		{B54C651C-6E29-4950-A2F1-17F80AFC1627} = {3CDA0027-9093-462E-AA0D-ACDE539BFD77}
		{EC74E491-430A-4A6A-BD88-64C510577E17} = {3CDA0027-9093-462E-AA0D-ACDE539BFD77}
		{6C28F2C8-8429-4300-846C-E8CA52E02394} = {3CDA0027-9093-462E-AA0D-ACDE539BFD77}
		{ED1EA8E5-90C7-4D21-8561-8D1581DE9C30} = {3CDA0027-9093-462E-AA0D-ACDE539BFD77}
		{1221E6F2-09D3-4A0C-8D84-6D93AD1C6946} = {B54C651C-6E29-4950-A2F1-17F80AFC1627}
		{59AD1DEA-0208-492E-A48A-6C14DAAB5BC7} = {B54C651C-6E29-4950-A2F1-17F80AFC1627}
		{16C5EC5C-CB3E-4E97-9DD8-BCC300F7B4D3} = {6C28F2C8-8429-4300-846C-E8CA52E02394}
		{9E37B017-AB0F-442B-8E43-873610204731} = {EC74E491-430A-4A6A-BD88-64C510577E17}
		{F004697A-94FE-4824-85DB-245D075ACE0F} = {6C28F2C8-8429-4300-846C-E8CA52E02394}
	EndGlobalSection
	GlobalSection(ProjectConfigurationPlatforms) = postSolution
		{ED1EA8E5-90C7-4D21-8561-8D1581DE9C30}.Debug|Any CPU.ActiveCfg = Debug|Any CPU
		{ED1EA8E5-90C7-4D21-8561-8D1581DE9C30}.Debug|Any CPU.Build.0 = Debug|Any CPU
		{ED1EA8E5-90C7-4D21-8561-8D1581DE9C30}.Release|Any CPU.ActiveCfg = Release|Any CPU
		{ED1EA8E5-90C7-4D21-8561-8D1581DE9C30}.Release|Any CPU.Build.0 = Release|Any CPU
		{1221E6F2-09D3-4A0C-8D84-6D93AD1C6946}.Debug|Any CPU.ActiveCfg = Debug|Any CPU
		{1221E6F2-09D3-4A0C-8D84-6D93AD1C6946}.Debug|Any CPU.Build.0 = Debug|Any CPU
		{1221E6F2-09D3-4A0C-8D84-6D93AD1C6946}.Release|Any CPU.ActiveCfg = Release|Any CPU
		{1221E6F2-09D3-4A0C-8D84-6D93AD1C6946}.Release|Any CPU.Build.0 = Release|Any CPU
		{59AD1DEA-0208-492E-A48A-6C14DAAB5BC7}.Debug|Any CPU.ActiveCfg = Debug|Any CPU
		{59AD1DEA-0208-492E-A48A-6C14DAAB5BC7}.Debug|Any CPU.Build.0 = Debug|Any CPU
		{59AD1DEA-0208-492E-A48A-6C14DAAB5BC7}.Release|Any CPU.ActiveCfg = Release|Any CPU
		{59AD1DEA-0208-492E-A48A-6C14DAAB5BC7}.Release|Any CPU.Build.0 = Release|Any CPU
		{16C5EC5C-CB3E-4E97-9DD8-BCC300F7B4D3}.Debug|Any CPU.ActiveCfg = Debug|Any CPU
		{16C5EC5C-CB3E-4E97-9DD8-BCC300F7B4D3}.Debug|Any CPU.Build.0 = Debug|Any CPU
		{16C5EC5C-CB3E-4E97-9DD8-BCC300F7B4D3}.Release|Any CPU.ActiveCfg = Release|Any CPU
		{16C5EC5C-CB3E-4E97-9DD8-BCC300F7B4D3}.Release|Any CPU.Build.0 = Release|Any CPU
		{9E37B017-AB0F-442B-8E43-873610204731}.Debug|Any CPU.ActiveCfg = Debug|Any CPU
		{9E37B017-AB0F-442B-8E43-873610204731}.Debug|Any CPU.Build.0 = Debug|Any CPU
		{9E37B017-AB0F-442B-8E43-873610204731}.Release|Any CPU.ActiveCfg = Release|Any CPU
		{9E37B017-AB0F-442B-8E43-873610204731}.Release|Any CPU.Build.0 = Release|Any CPU
		{F004697A-94FE-4824-85DB-245D075ACE0F}.Debug|Any CPU.ActiveCfg = Debug|Any CPU
		{F004697A-94FE-4824-85DB-245D075ACE0F}.Debug|Any CPU.Build.0 = Debug|Any CPU
		{F004697A-94FE-4824-85DB-245D075ACE0F}.Release|Any CPU.ActiveCfg = Release|Any CPU
		{F004697A-94FE-4824-85DB-245D075ACE0F}.Release|Any CPU.Build.0 = Release|Any CPU
	EndGlobalSection
EndGlobal
